
Microsoft Visual Studio Solution File, Format Version 12.00
# Visual Studio Version 16
VisualStudioVersion = 16.0.29509.3
MinimumVisualStudioVersion = 10.0.40219.1
Project("{FAE04EC0-301F-11D3-BF4B-00C04F79EFBC}") = "01.RecursiveArraySum", "01.RecursiveArraySum\01.RecursiveArraySum.csproj", "{EF3DB7B0-88B3-4253-BBDC-F5C28AADE9C8}"
EndProject
Project("{FAE04EC0-301F-11D3-BF4B-00C04F79EFBC}") = "02.RecursiveFactorial", "02.RecursiveFactorial\02.RecursiveFactorial.csproj", "{C4A4EF57-E38E-450A-A839-A7D316530E4F}"
EndProject
Project("{FAE04EC0-301F-11D3-BF4B-00C04F79EFBC}") = "03.RecursiveDrawing", "03.RecursiveDrawing\03.RecursiveDrawing.csproj", "{E15775CB-3AF4-42BD-AD89-0605F9436D6B}"
EndProject
Project("{FAE04EC0-301F-11D3-BF4B-00C04F79EFBC}") = "04.GeneratingVectors", "04.GeneratingVectors\04.GeneratingVectors.csproj", "{F4DA9115-8EF9-45C3-A326-B76BAF00717A}"
EndProject
Project("{FAE04EC0-301F-11D3-BF4B-00C04F79EFBC}") = "05.GeneratingCombinations", "05.GeneratingCombinations\05.GeneratingCombinations.csproj", "{8321086F-EDCB-4A47-997A-359D7D304A6B}"
EndProject
Project("{FAE04EC0-301F-11D3-BF4B-00C04F79EFBC}") = "06.EightQueensPuzzle", "06.EightQueensPuzzle\06.EightQueensPuzzle.csproj", "{D1E3F0C0-70CC-4C79-85EB-B2615890E458}"
EndProject
Global
	GlobalSection(SolutionConfigurationPlatforms) = preSolution
		Debug|Any CPU = Debug|Any CPU
		Release|Any CPU = Release|Any CPU
	EndGlobalSection
	GlobalSection(ProjectConfigurationPlatforms) = postSolution
		{EF3DB7B0-88B3-4253-BBDC-F5C28AADE9C8}.Debug|Any CPU.ActiveCfg = Debug|Any CPU
		{EF3DB7B0-88B3-4253-BBDC-F5C28AADE9C8}.Debug|Any CPU.Build.0 = Debug|Any CPU
		{EF3DB7B0-88B3-4253-BBDC-F5C28AADE9C8}.Release|Any CPU.ActiveCfg = Release|Any CPU
		{EF3DB7B0-88B3-4253-BBDC-F5C28AADE9C8}.Release|Any CPU.Build.0 = Release|Any CPU
		{C4A4EF57-E38E-450A-A839-A7D316530E4F}.Debug|Any CPU.ActiveCfg = Debug|Any CPU
		{C4A4EF57-E38E-450A-A839-A7D316530E4F}.Debug|Any CPU.Build.0 = Debug|Any CPU
		{C4A4EF57-E38E-450A-A839-A7D316530E4F}.Release|Any CPU.ActiveCfg = Release|Any CPU
		{C4A4EF57-E38E-450A-A839-A7D316530E4F}.Release|Any CPU.Build.0 = Release|Any CPU
		{E15775CB-3AF4-42BD-AD89-0605F9436D6B}.Debug|Any CPU.ActiveCfg = Debug|Any CPU
		{E15775CB-3AF4-42BD-AD89-0605F9436D6B}.Debug|Any CPU.Build.0 = Debug|Any CPU
		{E15775CB-3AF4-42BD-AD89-0605F9436D6B}.Release|Any CPU.ActiveCfg = Release|Any CPU
		{E15775CB-3AF4-42BD-AD89-0605F9436D6B}.Release|Any CPU.Build.0 = Release|Any CPU
		{F4DA9115-8EF9-45C3-A326-B76BAF00717A}.Debug|Any CPU.ActiveCfg = Debug|Any CPU
		{F4DA9115-8EF9-45C3-A326-B76BAF00717A}.Debug|Any CPU.Build.0 = Debug|Any CPU
		{F4DA9115-8EF9-45C3-A326-B76BAF00717A}.Release|Any CPU.ActiveCfg = Release|Any CPU
		{F4DA9115-8EF9-45C3-A326-B76BAF00717A}.Release|Any CPU.Build.0 = Release|Any CPU
		{8321086F-EDCB-4A47-997A-359D7D304A6B}.Debug|Any CPU.ActiveCfg = Debug|Any CPU
		{8321086F-EDCB-4A47-997A-359D7D304A6B}.Debug|Any CPU.Build.0 = Debug|Any CPU
		{8321086F-EDCB-4A47-997A-359D7D304A6B}.Release|Any CPU.ActiveCfg = Release|Any CPU
		{8321086F-EDCB-4A47-997A-359D7D304A6B}.Release|Any CPU.Build.0 = Release|Any CPU
		{D1E3F0C0-70CC-4C79-85EB-B2615890E458}.Debug|Any CPU.ActiveCfg = Debug|Any CPU
		{D1E3F0C0-70CC-4C79-85EB-B2615890E458}.Debug|Any CPU.Build.0 = Debug|Any CPU
		{D1E3F0C0-70CC-4C79-85EB-B2615890E458}.Release|Any CPU.ActiveCfg = Release|Any CPU
		{D1E3F0C0-70CC-4C79-85EB-B2615890E458}.Release|Any CPU.Build.0 = Release|Any CPU
	EndGlobalSection
	GlobalSection(SolutionProperties) = preSolution
		HideSolutionNode = FALSE
	EndGlobalSection
	GlobalSection(ExtensibilityGlobals) = postSolution
		SolutionGuid = {C1A5C7A0-E3F1-46FF-B792-1F46CE23221E}
	EndGlobalSection
EndGlobal
