
Microsoft Visual Studio Solution File, Format Version 12.00
# Visual Studio Version 16
VisualStudioVersion = 16.0.29509.3
MinimumVisualStudioVersion = 10.0.40219.1
Project("{9A19103F-16F7-4668-BE54-9A1E7A4F7556}") = "01.MergeSort", "01.MergeSort\01.MergeSort.csproj", "{9460F21E-7F8D-4D94-B8D5-FEEC908FD871}"
EndProject
Project("{FAE04EC0-301F-11D3-BF4B-00C04F79EFBC}") = "03.BinarySearch", "03.BinarySearch\03.BinarySearch.csproj", "{CC9FFCB2-BF23-4C42-ABEE-41CF37DB2768}"
EndProject
Project("{FAE04EC0-301F-11D3-BF4B-00C04F79EFBC}") = "02.QuickSort", "02.QuickSort\02.QuickSort.csproj", "{00CBC232-ABED-4FFB-A3B6-F9560AA6DE96}"
EndProject
Global
	GlobalSection(SolutionConfigurationPlatforms) = preSolution
		Debug|Any CPU = Debug|Any CPU
		Release|Any CPU = Release|Any CPU
	EndGlobalSection
	GlobalSection(ProjectConfigurationPlatforms) = postSolution
		{9460F21E-7F8D-4D94-B8D5-FEEC908FD871}.Debug|Any CPU.ActiveCfg = Debug|Any CPU
		{9460F21E-7F8D-4D94-B8D5-FEEC908FD871}.Debug|Any CPU.Build.0 = Debug|Any CPU
		{9460F21E-7F8D-4D94-B8D5-FEEC908FD871}.Release|Any CPU.ActiveCfg = Release|Any CPU
		{9460F21E-7F8D-4D94-B8D5-FEEC908FD871}.Release|Any CPU.Build.0 = Release|Any CPU
		{CC9FFCB2-BF23-4C42-ABEE-41CF37DB2768}.Debug|Any CPU.ActiveCfg = Debug|Any CPU
		{CC9FFCB2-BF23-4C42-ABEE-41CF37DB2768}.Debug|Any CPU.Build.0 = Debug|Any CPU
		{CC9FFCB2-BF23-4C42-ABEE-41CF37DB2768}.Release|Any CPU.ActiveCfg = Release|Any CPU
		{CC9FFCB2-BF23-4C42-ABEE-41CF37DB2768}.Release|Any CPU.Build.0 = Release|Any CPU
		{00CBC232-ABED-4FFB-A3B6-F9560AA6DE96}.Debug|Any CPU.ActiveCfg = Debug|Any CPU
		{00CBC232-ABED-4FFB-A3B6-F9560AA6DE96}.Debug|Any CPU.Build.0 = Debug|Any CPU
		{00CBC232-ABED-4FFB-A3B6-F9560AA6DE96}.Release|Any CPU.ActiveCfg = Release|Any CPU
		{00CBC232-ABED-4FFB-A3B6-F9560AA6DE96}.Release|Any CPU.Build.0 = Release|Any CPU
	EndGlobalSection
	GlobalSection(SolutionProperties) = preSolution
		HideSolutionNode = FALSE
	EndGlobalSection
	GlobalSection(ExtensibilityGlobals) = postSolution
		SolutionGuid = {530FFA85-5AE9-4BF7-AECC-17B00D023641}
	EndGlobalSection
EndGlobal
